<Solution>
  <Folder Name="/Solution Items/">
    <File Path="Client.Dockerfile" />
    <File Path="docker-compose.yml" />
    <File Path="nginx.conf" />
    <File Path="server.Dockerfile" />
  </Folder>
  <Project Path="BlazorCRUDOps.Client/BlazorCRUDOps.Client.csproj" />
  <Project Path="BlazorCRUDOps.Shared/BlazorCRUDOps.Shared.csproj" Id="39497672-0605-469f-9af1-ac3a60aa5ea8" />
  <Project Path="BlazorCRUDOps/BlazorCRUDOps.csproj" />
</Solution>
